
Microsoft Visual Studio Solution File, Format Version 12.00
# Visual Studio Version 17
VisualStudioVersion = 17.13.35825.156 d17.13
MinimumVisualStudioVersion = 10.0.40219.1
Project("{FAE04EC0-301F-11D3-BF4B-00C04F79EFBC}") = "药材市场中药饮片图鉴", "药材市场中药饮片图鉴.csproj", "{AA110EB8-00FF-4143-B766-DAF22A41755F}"
EndProject
Global
	GlobalSection(SolutionConfigurationPlatforms) = preSolution
		Debug|Any CPU = Debug|Any CPU
		Release|Any CPU = Release|Any CPU
	EndGlobalSection
	GlobalSection(ProjectConfigurationPlatforms) = postSolution
		{AA110EB8-00FF-4143-B766-DAF22A41755F}.Debug|Any CPU.ActiveCfg = Debug|Any CPU
		{AA110EB8-00FF-4143-B766-DAF22A41755F}.Debug|Any CPU.Build.0 = Debug|Any CPU
		{AA110EB8-00FF-4143-B766-DAF22A41755F}.Debug|Any CPU.Deploy.0 = Debug|Any CPU
		{AA110EB8-00FF-4143-B766-DAF22A41755F}.Release|Any CPU.ActiveCfg = Release|Any CPU
		{AA110EB8-00FF-4143-B766-DAF22A41755F}.Release|Any CPU.Build.0 = Release|Any CPU
		{AA110EB8-00FF-4143-B766-DAF22A41755F}.Release|Any CPU.Deploy.0 = Release|Any CPU
	EndGlobalSection
	GlobalSection(SolutionProperties) = preSolution
		HideSolutionNode = FALSE
	EndGlobalSection
	GlobalSection(ExtensibilityGlobals) = postSolution
		SolutionGuid = {FCF437EC-DBA9-4579-944F-742659DE8F6E}
	EndGlobalSection
EndGlobal
